
Microsoft Visual Studio Solution File, Format Version 11.00
# Visual Studio 2010
Project("{8BC9CEB8-8B4A-11D0-8D11-00A0C91BC942}") = "matrixCalculator", "matrixCalculator\matrixCalculator.vcxproj", "{971BE4EE-E1EC-4A9E-B5A0-3484DCA62294}"
EndProject
Global
	GlobalSection(SolutionConfigurationPlatforms) = preSolution
		Debug|Win32 = Debug|Win32
		Release|Win32 = Release|Win32
	EndGlobalSection
	GlobalSection(ProjectConfigurationPlatforms) = postSolution
		{971BE4EE-E1EC-4A9E-B5A0-3484DCA62294}.Debug|Win32.ActiveCfg = Debug|Win32
		{971BE4EE-E1EC-4A9E-B5A0-3484DCA62294}.Debug|Win32.Build.0 = Debug|Win32
		{971BE4EE-E1EC-4A9E-B5A0-3484DCA62294}.Release|Win32.ActiveCfg = Release|Win32
		{971BE4EE-E1EC-4A9E-B5A0-3484DCA62294}.Release|Win32.Build.0 = Release|Win32
	EndGlobalSection
	GlobalSection(SolutionProperties) = preSolution
		HideSolutionNode = FALSE
	EndGlobalSection
EndGlobal
